
Microsoft Visual Studio Solution File, Format Version 12.00
# Visual Studio Version 17
VisualStudioVersion = 17.6.33829.357
MinimumVisualStudioVersion = 10.0.40219.1
Project("{9A19103F-16F7-4668-BE54-9A1E7A4F7556}") = "Artemis.Plugins.KeychronK2", ".\Artemis.Plugins.KeychronK2\Artemis.Plugins.KeychronK2.csproj", "{0A2C89C7-36C4-4C38-BBFA-C96770574A5A}"
EndProject
Project("{9A19103F-16F7-4668-BE54-9A1E7A4F7556}") = "KeychronLegacyLighting", ".\KeychronLegacyLighting\KeychronLegacyLighting.csproj", "{C516221C-5ADB-4ACE-9D66-71ECE2C03960}"
EndProject
Global
	GlobalSection(SolutionConfigurationPlatforms) = preSolution
		Debug|Any CPU = Debug|Any CPU
		Debug|x64 = Debug|x64
		Release|Any CPU = Release|Any CPU
		Release|x64 = Release|x64
	EndGlobalSection
	GlobalSection(ProjectConfigurationPlatforms) = postSolution
		{0A2C89C7-36C4-4C38-BBFA-C96770574A5A}.Debug|Any CPU.ActiveCfg = Debug|x64
		{0A2C89C7-36C4-4C38-BBFA-C96770574A5A}.Debug|Any CPU.Build.0 = Debug|x64
		{0A2C89C7-36C4-4C38-BBFA-C96770574A5A}.Debug|x64.ActiveCfg = Debug|x64
		{0A2C89C7-36C4-4C38-BBFA-C96770574A5A}.Debug|x64.Build.0 = Debug|x64
		{0A2C89C7-36C4-4C38-BBFA-C96770574A5A}.Release|Any CPU.ActiveCfg = Release|x64
		{0A2C89C7-36C4-4C38-BBFA-C96770574A5A}.Release|Any CPU.Build.0 = Release|x64
		{0A2C89C7-36C4-4C38-BBFA-C96770574A5A}.Release|x64.ActiveCfg = Release|x64
		{0A2C89C7-36C4-4C38-BBFA-C96770574A5A}.Release|x64.Build.0 = Release|x64
		{C516221C-5ADB-4ACE-9D66-71ECE2C03960}.Debug|Any CPU.ActiveCfg = Debug|Any CPU
		{C516221C-5ADB-4ACE-9D66-71ECE2C03960}.Debug|Any CPU.Build.0 = Debug|Any CPU
		{C516221C-5ADB-4ACE-9D66-71ECE2C03960}.Debug|x64.ActiveCfg = Debug|Any CPU
		{C516221C-5ADB-4ACE-9D66-71ECE2C03960}.Debug|x64.Build.0 = Debug|Any CPU
		{C516221C-5ADB-4ACE-9D66-71ECE2C03960}.Release|Any CPU.ActiveCfg = Release|Any CPU
		{C516221C-5ADB-4ACE-9D66-71ECE2C03960}.Release|Any CPU.Build.0 = Release|Any CPU
		{C516221C-5ADB-4ACE-9D66-71ECE2C03960}.Release|x64.ActiveCfg = Release|Any CPU
		{C516221C-5ADB-4ACE-9D66-71ECE2C03960}.Release|x64.Build.0 = Release|Any CPU
	EndGlobalSection
	GlobalSection(SolutionProperties) = preSolution
		HideSolutionNode = FALSE
	EndGlobalSection
	GlobalSection(ExtensibilityGlobals) = postSolution
		SolutionGuid = {C0F321F5-458F-44DD-B0E5-B8D26793741E}
	EndGlobalSection
EndGlobal
